github.com/mattn/go-sqlite3 v1.9.0 h1:pDRiWfl+++eC2FEFRy6jXmQlvp4Yh3z1MJKg4UeYM/4=
github.com/mattn/go-sqlite3 v1.9.0/go.mod h1:FPy6KqzDD04eiIsT53CuJW3U88zkxoIYsOqkbpncsNc=
github.com/rakyll/magicmime v0.1.0 h1:aFIp1DqgzjcB3FI7rQk6uZl73i1VPpWswab1YKU4CL4=
github.com/rakyll/magicmime v0.1.0/go.mod h1:OKs4S+1GpIAB1PCebhwp3rxhyipe7TiImiIeVyFlQt8=
gitlab.com/opennota/phash v0.0.0-20180911054150-409761801c2b h1:OL2ZUMN0PFrRSHwGLb7koVz9vLwbZtXKcFzXqfeHypU=
gitlab.com/opennota/phash v0.0.0-20180911054150-409761801c2b/go.mod h1:zGhZwuOAsr47571FQcZXqJdjh3ea+AMpDJpJzEskcPc=
